{
    "_readme": [
        "This file locks the dependencies of your project to a known state",
        "Read more about it at https://getcomposer.org/doc/01-basic-usage.md#installing-dependencies",
        "This file is @generated automatically"
    ],
    "content-hash": "763ad58e3e87ab28ed679eed6b0bd89b",
    "packages": [
        {
            "name": "rphaven/common-app",
            "version": "dev-main",
            "source": {
                "type": "git",
                "url": "https://github.com/RPHaven/common-app.git",
                "reference": "9d0f64db204c939f47d41af25fd26384718bd88b"
            },
            "dist": {
                "type": "zip",
                "url": "https://api.github.com/repos/RPHaven/common-app/zipball/9d0f64db204c939f47d41af25fd26384718bd88b",
                "reference": "9d0f64db204c939f47d41af25fd26384718bd88b",
                "shasum": ""
            },
            "require": {
                "php": ">=8.3"
            },
            "require-dev": {
                "dealerdirect/phpcodesniffer-composer-installer": "*",
                "ergebnis/composer-normalize": "*",
                "infection/infection": "*",
                "phpspec/prophecy-phpunit": "*",
                "phpstan/phpstan": "*",
                "phpunit/php-code-coverage": "*",
                "phpunit/phpcov": "*",
                "phpunit/phpunit": "*",
                "squizlabs/php_codesniffer": "*",
                "vimeo/psalm": "*"
            },
            "default-branch": true,
            "type": "library",
            "extra": {
                "composer-normalize": {
                    "indent-size": 2,
                    "indent-style": "space"
                }
            },
            "autoload": {
                "psr-4": {
                    "RpHaven\\App\\": "src"
                }
            },
            "autoload-dev": {
                "psr-4": {
                    "Tests\\Mocks\\": "tests/mocks",
                    "Tests\\Unit\\": "tests/unit/src"
                }
            },
            "license": [
                "MIT"
            ],
            "authors": [
                {
                    "name": "Barney Hanlon",
                    "email": "barney@shrikeh.net"
                }
            ],
            "description": "Library of common interfaces and traits for Applications",
            "support": {
                "source": "https://github.com/RPHaven/common-app/tree/main",
                "issues": "https://github.com/RPHaven/common-app/issues"
            },
            "time": "2024-05-03T13:19:54+00:00"
        }
    ],
    "packages-dev": [],
    "aliases": [],
    "minimum-stability": "stable",
    "stability-flags": {
        "rphaven/common-app": 20
    },
    "prefer-stable": false,
    "prefer-lowest": false,
    "platform": [],
    "platform-dev": [],
    "plugin-api-version": "2.3.0"
}
